
Microsoft Visual Studio Solution File, Format Version 12.00
# Visual Studio Version 17
VisualStudioVersion = 17.4.33213.308
MinimumVisualStudioVersion = 10.0.40219.1
Project("{9A19103F-16F7-4668-BE54-9A1E7A4F7556}") = "Animate", "Animate.csproj", "{42D97CE6-76E3-48E7-A81C-7A89CC9B9205}"
EndProject
Global
	GlobalSection(SolutionConfigurationPlatforms) = preSolution
		Debug|Any CPU = Debug|Any CPU
		Release|Any CPU = Release|Any CPU
	EndGlobalSection
	GlobalSection(ProjectConfigurationPlatforms) = postSolution
		{42D97CE6-76E3-48E7-A81C-7A89CC9B9205}.Debug|Any CPU.ActiveCfg = Debug|Any CPU
		{42D97CE6-76E3-48E7-A81C-7A89CC9B9205}.Debug|Any CPU.Build.0 = Debug|Any CPU
		{42D97CE6-76E3-48E7-A81C-7A89CC9B9205}.Release|Any CPU.ActiveCfg = Release|Any CPU
		{42D97CE6-76E3-48E7-A81C-7A89CC9B9205}.Release|Any CPU.Build.0 = Release|Any CPU
	EndGlobalSection
	GlobalSection(SolutionProperties) = preSolution
		HideSolutionNode = FALSE
	EndGlobalSection
	GlobalSection(ExtensibilityGlobals) = postSolution
		SolutionGuid = {66C29C0D-6934-4ACE-AB9F-772B0724C319}
	EndGlobalSection
EndGlobal
